lockVersion: 2.0.0
id: 76fda653-2b70-4c1a-a204-9a9aa2c1f7b1
management:
  docChecksum: 924b6b1a71693961acd167cba76e9639
  docVersion: 0.0.1
  speakeasyVersion: 1.228.1
  generationVersion: 2.292.0
  releaseVersion: 0.0.3
  configChecksum: bfebd3bc3685b5a3b374d68db107f563
features:
  typescript:
    acceptHeaders: 2.81.1
    constsAndDefaults: 0.1.5
    core: 3.7.0
    deprecations: 2.81.1
    flattening: 2.81.1
    globalSecurity: 2.82.8
    globalServerURLs: 2.82.4
    responseFormat: 0.2.3
    unions: 2.85.3
generatedFiles:
  - src/sdk/links.ts
  - src/sdk/qrcodes.ts
  - src/sdk/analytics.ts
  - src/sdk/workspaces.ts
  - src/sdk/tags.ts
  - src/sdk/sdk.ts
  - .eslintrc.js
  - .npmignore
  - RUNTIMES.md
  - package.json
  - src/index.ts
  - src/lib/base64.ts
  - src/lib/config.ts
  - src/lib/encodings.ts
  - src/lib/http.ts
  - src/lib/retries.ts
  - src/lib/schemas.ts
  - src/lib/sdks.ts
  - src/lib/security.ts
  - src/lib/url.ts
  - src/sdk/index.ts
  - src/models/errors/sdkerror.ts
  - src/models/errors/sdkvalidationerror.ts
  - src/types/blobs.ts
  - src/types/index.ts
  - src/types/operations.ts
  - src/types/rfcdate.ts
  - tsconfig.json
  - src/models/components/linkschema.ts
  - src/models/components/tagschema.ts
  - src/models/components/workspaceschema.ts
  - src/models/components/security.ts
  - src/models/errors/fourhundred.ts
  - src/models/errors/fourhundredandone.ts
  - src/models/errors/fourhundredandthree.ts
  - src/models/errors/fourhundredandfour.ts
  - src/models/errors/fourhundredandnine.ts
  - src/models/errors/fourhundredandten.ts
  - src/models/errors/fourhundredandtwentytwo.ts
  - src/models/errors/fourhundredandtwentynine.ts
  - src/models/errors/fivehundred.ts
  - src/models/operations/getlinks.ts
  - src/models/operations/createlink.ts
  - src/models/operations/getlinkscount.ts
  - src/models/operations/getlinkinfo.ts
  - src/models/operations/editlink.ts
  - src/models/operations/deletelink.ts
  - src/models/operations/bulkcreatelinks.ts
  - src/models/operations/getqrcode.ts
  - src/models/operations/getclicksanalytics.ts
  - src/models/operations/gettimeseriesanalytics.ts
  - src/models/operations/getcountryanalytics.ts
  - src/models/operations/getcityanalytics.ts
  - src/models/operations/getdeviceanalytics.ts
  - src/models/operations/getbrowseranalytics.ts
  - src/models/operations/getosanalytics.ts
  - src/models/operations/getrefereranalytics.ts
  - src/models/operations/gettoplinks.ts
  - src/models/operations/gettopurls.ts
  - src/models/operations/createworkspace.ts
  - src/models/operations/getworkspace.ts
  - src/models/operations/gettags.ts
  - src/models/operations/createtag.ts
  - src/models/errors/index.ts
  - src/models/components/index.ts
  - src/models/operations/index.ts
  - docs/models/components/linkschema.md
  - docs/models/components/color.md
  - docs/models/components/tagschema.md
  - docs/models/components/plan.md
  - docs/models/components/role.md
  - docs/models/components/users.md
  - docs/models/components/domains.md
  - docs/models/components/workspaceschema.md
  - docs/models/components/security.md
  - docs/models/errors/code.md
  - docs/models/errors/errort.md
  - docs/models/errors/fourhundred.md
  - docs/models/errors/fourhundredandonecode.md
  - docs/models/errors/fourhundredandoneerror.md
  - docs/models/errors/fourhundredandone.md
  - docs/models/errors/fourhundredandthreecode.md
  - docs/models/errors/fourhundredandthreeerror.md
  - docs/models/errors/fourhundredandthree.md
  - docs/models/errors/fourhundredandfourcode.md
  - docs/models/errors/fourhundredandfourerror.md
  - docs/models/errors/fourhundredandfour.md
  - docs/models/errors/fourhundredandninecode.md
  - docs/models/errors/fourhundredandnineerror.md
  - docs/models/errors/fourhundredandnine.md
  - docs/models/errors/fourhundredandtencode.md
  - docs/models/errors/fourhundredandtenerror.md
  - docs/models/errors/fourhundredandten.md
  - docs/models/errors/fourhundredandtwentytwocode.md
  - docs/models/errors/fourhundredandtwentytwoerror.md
  - docs/models/errors/fourhundredandtwentytwo.md
  - docs/models/errors/fourhundredandtwentyninecode.md
  - docs/models/errors/fourhundredandtwentynineerror.md
  - docs/models/errors/fourhundredandtwentynine.md
  - docs/models/errors/fivehundredcode.md
  - docs/models/errors/fivehundrederror.md
  - docs/models/errors/fivehundred.md
  - docs/models/operations/queryparamtagids.md
  - docs/models/operations/sort.md
  - docs/models/operations/getlinksrequest.md
  - docs/models/operations/tagids.md
  - docs/models/operations/createlinkrequestbody.md
  - docs/models/operations/createlinkrequest.md
  - docs/models/operations/getlinkscountqueryparamtagids.md
  - docs/models/operations/two.md
  - docs/models/operations/one.md
  - docs/models/operations/groupby.md
  - docs/models/operations/getlinkscountrequest.md
  - docs/models/operations/getlinkinforequest.md
  - docs/models/operations/editlinktagids.md
  - docs/models/operations/editlinkrequestbody.md
  - docs/models/operations/editlinkrequest.md
  - docs/models/operations/deletelinkrequest.md
  - docs/models/operations/bulkcreatelinkstagids.md
  - docs/models/operations/requestbody.md
  - docs/models/operations/bulkcreatelinksrequest.md
  - docs/models/operations/level.md
  - docs/models/operations/getqrcoderequest.md
  - docs/models/operations/interval.md
  - docs/models/operations/country.md
  - docs/models/operations/getclicksanalyticsrequest.md
  - docs/models/operations/queryparaminterval.md
  - docs/models/operations/queryparamcountry.md
  - docs/models/operations/gettimeseriesanalyticsrequest.md
  - docs/models/operations/responsebody.md
  - docs/models/operations/getcountryanalyticsqueryparaminterval.md
  - docs/models/operations/getcountryanalyticsqueryparamcountry.md
  - docs/models/operations/getcountryanalyticsrequest.md
  - docs/models/operations/getcountryanalyticscountry.md
  - docs/models/operations/getcountryanalyticsresponsebody.md
  - docs/models/operations/getcityanalyticsqueryparaminterval.md
  - docs/models/operations/getcityanalyticsqueryparamcountry.md
  - docs/models/operations/getcityanalyticsrequest.md
  - docs/models/operations/getcityanalyticscountry.md
  - docs/models/operations/getcityanalyticsresponsebody.md
  - docs/models/operations/getdeviceanalyticsqueryparaminterval.md
  - docs/models/operations/getdeviceanalyticsqueryparamcountry.md
  - docs/models/operations/getdeviceanalyticsrequest.md
  - docs/models/operations/getdeviceanalyticsresponsebody.md
  - docs/models/operations/getbrowseranalyticsqueryparaminterval.md
  - docs/models/operations/getbrowseranalyticsqueryparamcountry.md
  - docs/models/operations/getbrowseranalyticsrequest.md
  - docs/models/operations/getbrowseranalyticsresponsebody.md
  - docs/models/operations/getosanalyticsqueryparaminterval.md
  - docs/models/operations/getosanalyticsqueryparamcountry.md
  - docs/models/operations/getosanalyticsrequest.md
  - docs/models/operations/getosanalyticsresponsebody.md
  - docs/models/operations/getrefereranalyticsqueryparaminterval.md
  - docs/models/operations/getrefereranalyticsqueryparamcountry.md
  - docs/models/operations/getrefereranalyticsrequest.md
  - docs/models/operations/getrefereranalyticsresponsebody.md
  - docs/models/operations/gettoplinksqueryparaminterval.md
  - docs/models/operations/gettoplinksqueryparamcountry.md
  - docs/models/operations/gettoplinksrequest.md
  - docs/models/operations/gettoplinksresponsebody.md
  - docs/models/operations/gettopurlsqueryparaminterval.md
  - docs/models/operations/gettopurlsqueryparamcountry.md
  - docs/models/operations/gettopurlsrequest.md
  - docs/models/operations/gettopurlsresponsebody.md
  - docs/models/operations/createworkspacerequestbody.md
  - docs/models/operations/getworkspacerequest.md
  - docs/models/operations/gettagsrequest.md
  - docs/models/operations/color.md
  - docs/models/operations/createtagrequestbody.md
  - docs/models/operations/createtagrequest.md
  - docs/sdks/dub/README.md
  - docs/sdks/links/README.md
  - docs/sdks/qrcodes/README.md
  - docs/sdks/analytics/README.md
  - docs/sdks/workspaces/README.md
  - docs/sdks/tags/README.md
  - USAGE.md
  - .gitattributes
  - src/hooks/hooks.ts
  - src/hooks/types.ts
  - src/hooks/index.ts
